
Microsoft Visual Studio Solution File, Format Version 12.00
# Visual Studio 15
VisualStudioVersion = 15.0.28307.421
MinimumVisualStudioVersion = 10.0.40219.1
Project("{FAE04EC0-301F-11D3-BF4B-00C04F79EFBC}") = "XYH.Log4Net.Extend", "XYH.Log4Net.Extend\XYH.Log4Net.Extend.csproj", "{22CF5EFE-E631-479B-8A23-36EB29044600}"
EndProject
Project("{FAE04EC0-301F-11D3-BF4B-00C04F79EFBC}") = "XYH.Log4Net.Extend.Test", "XYH.Log4Net.Extend.Test\XYH.Log4Net.Extend.Test.csproj", "{572E5B1B-7F86-4E0F-A28B-8511CCD16BA3}"
EndProject
Global
	GlobalSection(SolutionConfigurationPlatforms) = preSolution
		Debug|Any CPU = Debug|Any CPU
		Release|Any CPU = Release|Any CPU
	EndGlobalSection
	GlobalSection(ProjectConfigurationPlatforms) = postSolution
		{22CF5EFE-E631-479B-8A23-36EB29044600}.Debug|Any CPU.ActiveCfg = Debug|Any CPU
		{22CF5EFE-E631-479B-8A23-36EB29044600}.Debug|Any CPU.Build.0 = Debug|Any CPU
		{22CF5EFE-E631-479B-8A23-36EB29044600}.Release|Any CPU.ActiveCfg = Release|Any CPU
		{22CF5EFE-E631-479B-8A23-36EB29044600}.Release|Any CPU.Build.0 = Release|Any CPU
		{572E5B1B-7F86-4E0F-A28B-8511CCD16BA3}.Debug|Any CPU.ActiveCfg = Debug|Any CPU
		{572E5B1B-7F86-4E0F-A28B-8511CCD16BA3}.Debug|Any CPU.Build.0 = Debug|Any CPU
		{572E5B1B-7F86-4E0F-A28B-8511CCD16BA3}.Release|Any CPU.ActiveCfg = Release|Any CPU
		{572E5B1B-7F86-4E0F-A28B-8511CCD16BA3}.Release|Any CPU.Build.0 = Release|Any CPU
	EndGlobalSection
	GlobalSection(SolutionProperties) = preSolution
		HideSolutionNode = FALSE
	EndGlobalSection
	GlobalSection(ExtensibilityGlobals) = postSolution
		SolutionGuid = {9A3640A7-56A8-4F24-A15E-E9B4825B81A2}
	EndGlobalSection
EndGlobal
